
Microsoft Visual Studio Solution File, Format Version 12.00
# Visual Studio 15
VisualStudioVersion = 15.0.26430.16
MinimumVisualStudioVersion = 10.0.40219.1
Project("{FAE04EC0-301F-11D3-BF4B-00C04F79EFBC}") = "PhaniResume", "PhaniResume\PhaniResume.csproj", "{0EF907DF-2124-45AE-AF21-4B9E1CE0330D}"
EndProject
Project("{2150E333-8FDC-42A3-9474-1A3956D46DE8}") = "Modules", "Modules", "{FCDC301C-14BE-4B77-BE84-C2ADC1F2FC37}"
EndProject
Project("{FAE04EC0-301F-11D3-BF4B-00C04F79EFBC}") = "ServiceLayer", "ServiceLayer\ServiceLayer.csproj", "{B1C30B8C-2DE6-48C2-ABA9-6BC5D3ADEC3B}"
EndProject
Project("{FAE04EC0-301F-11D3-BF4B-00C04F79EFBC}") = "Validation", "Validation\Validation.csproj", "{C68BBF2C-0670-45D7-A561-025756D91BFE}"
EndProject
Project("{FAE04EC0-301F-11D3-BF4B-00C04F79EFBC}") = "Infrastructure", "Infrastructure\Infrastructure.csproj", "{0DAE6F95-4F7D-4FAF-9E07-CDC8252C3EE7}"
EndProject
Project("{FAE04EC0-301F-11D3-BF4B-00C04F79EFBC}") = "PhaniResume.Models", "PhaniResume.Models\PhaniResume.Models.csproj", "{AED13F99-5AA6-4CFF-A6D7-7DE8A33490D1}"
EndProject
Global
	GlobalSection(SolutionConfigurationPlatforms) = preSolution
		Debug|Any CPU = Debug|Any CPU
		Release|Any CPU = Release|Any CPU
	EndGlobalSection
	GlobalSection(ProjectConfigurationPlatforms) = postSolution
		{0EF907DF-2124-45AE-AF21-4B9E1CE0330D}.Debug|Any CPU.ActiveCfg = Debug|Any CPU
		{0EF907DF-2124-45AE-AF21-4B9E1CE0330D}.Debug|Any CPU.Build.0 = Debug|Any CPU
		{0EF907DF-2124-45AE-AF21-4B9E1CE0330D}.Release|Any CPU.ActiveCfg = Release|Any CPU
		{0EF907DF-2124-45AE-AF21-4B9E1CE0330D}.Release|Any CPU.Build.0 = Release|Any CPU
		{B1C30B8C-2DE6-48C2-ABA9-6BC5D3ADEC3B}.Debug|Any CPU.ActiveCfg = Debug|Any CPU
		{B1C30B8C-2DE6-48C2-ABA9-6BC5D3ADEC3B}.Debug|Any CPU.Build.0 = Debug|Any CPU
		{B1C30B8C-2DE6-48C2-ABA9-6BC5D3ADEC3B}.Release|Any CPU.ActiveCfg = Release|Any CPU
		{B1C30B8C-2DE6-48C2-ABA9-6BC5D3ADEC3B}.Release|Any CPU.Build.0 = Release|Any CPU
		{C68BBF2C-0670-45D7-A561-025756D91BFE}.Debug|Any CPU.ActiveCfg = Debug|Any CPU
		{C68BBF2C-0670-45D7-A561-025756D91BFE}.Debug|Any CPU.Build.0 = Debug|Any CPU
		{C68BBF2C-0670-45D7-A561-025756D91BFE}.Release|Any CPU.ActiveCfg = Release|Any CPU
		{C68BBF2C-0670-45D7-A561-025756D91BFE}.Release|Any CPU.Build.0 = Release|Any CPU
		{0DAE6F95-4F7D-4FAF-9E07-CDC8252C3EE7}.Debug|Any CPU.ActiveCfg = Debug|Any CPU
		{0DAE6F95-4F7D-4FAF-9E07-CDC8252C3EE7}.Debug|Any CPU.Build.0 = Debug|Any CPU
		{0DAE6F95-4F7D-4FAF-9E07-CDC8252C3EE7}.Release|Any CPU.ActiveCfg = Release|Any CPU
		{0DAE6F95-4F7D-4FAF-9E07-CDC8252C3EE7}.Release|Any CPU.Build.0 = Release|Any CPU
		{AED13F99-5AA6-4CFF-A6D7-7DE8A33490D1}.Debug|Any CPU.ActiveCfg = Debug|Any CPU
		{AED13F99-5AA6-4CFF-A6D7-7DE8A33490D1}.Debug|Any CPU.Build.0 = Debug|Any CPU
		{AED13F99-5AA6-4CFF-A6D7-7DE8A33490D1}.Release|Any CPU.ActiveCfg = Release|Any CPU
		{AED13F99-5AA6-4CFF-A6D7-7DE8A33490D1}.Release|Any CPU.Build.0 = Release|Any CPU
	EndGlobalSection
	GlobalSection(SolutionProperties) = preSolution
		HideSolutionNode = FALSE
	EndGlobalSection
	GlobalSection(NestedProjects) = preSolution
		{B1C30B8C-2DE6-48C2-ABA9-6BC5D3ADEC3B} = {FCDC301C-14BE-4B77-BE84-C2ADC1F2FC37}
		{C68BBF2C-0670-45D7-A561-025756D91BFE} = {FCDC301C-14BE-4B77-BE84-C2ADC1F2FC37}
		{0DAE6F95-4F7D-4FAF-9E07-CDC8252C3EE7} = {FCDC301C-14BE-4B77-BE84-C2ADC1F2FC37}
		{AED13F99-5AA6-4CFF-A6D7-7DE8A33490D1} = {FCDC301C-14BE-4B77-BE84-C2ADC1F2FC37}
	EndGlobalSection
EndGlobal
